# THIS IS AN AUTOGENERATED FILE. DO NOT EDIT THIS FILE DIRECTLY.
# yarn lockfile v1


collapse-white-space@^1.0.0:
  version "1.0.4"
  resolved "https://registry.yarnpkg.com/collapse-white-space/-/collapse-white-space-1.0.4.tgz#ce05cf49e54c3277ae573036a26851ba430a0091"
  integrity sha512-YfQ1tAUZm561vpYD+5eyWN8+UsceQbSrqqlc/6zDY2gtAE+uZLSdkkovhnGpmCThsvKBFakq4EdY/FF93E8XIw==

detab@^2.0.0:
  version "2.0.1"
  resolved "https://registry.yarnpkg.com/detab/-/detab-2.0.1.tgz#531f5e326620e2fd4f03264a905fb3bcc8af4df4"
  integrity sha512-/hhdqdQc5thGrqzjyO/pz76lDZ5GSuAs6goxOaKTsvPk7HNnzAyFN5lyHgqpX4/s1i66K8qMGj+VhA9504x7DQ==
  dependencies:
    repeat-string "^1.5.4"

mdast-util-definitions@^1.2.0:
  version "1.2.3"
  resolved "https://registry.yarnpkg.com/mdast-util-definitions/-/mdast-util-definitions-1.2.3.tgz#49f936b09207c45b438db19551652934312f04f0"
  integrity sha512-P6wpRO8YVQ1iv30maMc93NLh7COvufglBE8/ldcOyYmk5EbfF0YeqlLgtqP/FOBU501Kqar1x5wYWwB3Nga74g==
  dependencies:
    unist-util-visit "^1.0.0"

mdast-util-to-hast@6.0.0:
  version "6.0.0"
  resolved "https://registry.yarnpkg.com/mdast-util-to-hast/-/mdast-util-to-hast-6.0.0.tgz#7547f76266670bdd394e58d9110a10dee8c9a881"
  integrity sha512-r1ARBzOsH4ChGlLWZ0vGcGLzPToSCu4VowkSQdCgNlwaLR3M0QA+NvJFeCv8dG2pomsql90dFaR0vz6uy+3e1w==
  dependencies:
    collapse-white-space "^1.0.0"
    detab "^2.0.0"
    mdast-util-definitions "^1.2.0"
    mdurl "^1.0.1"
    trim "0.0.1"
    trim-lines "^1.0.0"
    unist-builder "^1.0.1"
    unist-util-generated "^1.1.0"
    unist-util-position "^3.0.0"
    unist-util-visit "^1.1.0"
    xtend "^4.0.1"

mdurl@^1.0.1:
  version "1.0.1"
  resolved "https://registry.yarnpkg.com/mdurl/-/mdurl-1.0.1.tgz#fe85b2ec75a59037f2adfec100fd6c601761152e"
  integrity sha1-/oWy7HWlkDfyrf7BAP1sYBdhFS4=

object-assign@^4.1.0:
  version "4.1.1"
  resolved "https://registry.yarnpkg.com/object-assign/-/object-assign-4.1.1.tgz#2109adc7965887cfc05cbbd442cac8bfbb360863"
  integrity sha1-IQmtx5ZYh8/AXLvUQsrIv7s2CGM=

repeat-string@^1.5.4:
  version "1.6.1"
  resolved "https://registry.yarnpkg.com/repeat-string/-/repeat-string-1.6.1.tgz#8dcae470e1c88abc2d600fff4a776286da75e637"
  integrity sha1-jcrkcOHIirwtYA//Sndihtp15jc=

trim-lines@^1.0.0:
  version "1.1.1"
  resolved "https://registry.yarnpkg.com/trim-lines/-/trim-lines-1.1.1.tgz#da738ff58fa74817588455e30b11b85289f2a396"
  integrity sha512-X+eloHbgJGxczUk1WSjIvn7aC9oN3jVE3rQfRVKcgpavi3jxtCn0VVKtjOBj64Yop96UYn/ujJRpTbCdAF1vyg==

trim@0.0.1:
  version "0.0.1"
  resolved "https://registry.yarnpkg.com/trim/-/trim-0.0.1.tgz#5858547f6b290757ee95cccc666fb50084c460dd"
  integrity sha1-WFhUf2spB1fulczMZm+1AITEYN0=

unist-builder@^1.0.1:
  version "1.0.3"
  resolved "https://registry.yarnpkg.com/unist-builder/-/unist-builder-1.0.3.tgz#ab0f9d0f10936b74f3e913521955b0478e0ff036"
  integrity sha512-/KB8GEaoeHRyIqClL+Kam+Y5NWJ6yEiPsAfv1M+O1p+aKGgjR89WwoEHKTyOj17L6kAlqtKpAgv2nWvdbQDEig==
  dependencies:
    object-assign "^4.1.0"

unist-util-generated@^1.1.0:
  version "1.1.3"
  resolved "https://registry.yarnpkg.com/unist-util-generated/-/unist-util-generated-1.1.3.tgz#ca650470aef2fbcc5fe54c465bc26b41ca109e2b"
  integrity sha512-qlPeDqnQnd84KIqwphzOR+l02cxjDzvEYEBl84EjmKRrX4eUmjyAo8xJv1SCDhJqNjyHRnBMZWNKAiBtXE6hBg==

unist-util-is@^2.1.2:
  version "2.1.2"
  resolved "https://registry.yarnpkg.com/unist-util-is/-/unist-util-is-2.1.2.tgz#1193fa8f2bfbbb82150633f3a8d2eb9a1c1d55db"
  integrity sha512-YkXBK/H9raAmG7KXck+UUpnKiNmUdB+aBGrknfQ4EreE1banuzrKABx3jP6Z5Z3fMSPMQQmeXBlKpCbMwBkxVw==

unist-util-position@^3.0.0:
  version "3.0.2"
  resolved "https://registry.yarnpkg.com/unist-util-position/-/unist-util-position-3.0.2.tgz#80ad4a05efc4ab01a66886cc70493893ba73c5eb"
  integrity sha512-npmFu92l/+b1Ao6uGP4I1WFz9hsKv7qleZ4aliw6x0RVu6A9A3tAf57NMpFfzQ02jxRtJZuRn+C8xWT7GWnH0g==

unist-util-visit-parents@^2.0.0:
  version "2.0.1"
  resolved "https://registry.yarnpkg.com/unist-util-visit-parents/-/unist-util-visit-parents-2.0.1.tgz#63fffc8929027bee04bfef7d2cce474f71cb6217"
  integrity sha512-6B0UTiMfdWql4cQ03gDTCSns+64Zkfo2OCbK31Ov0uMizEz+CJeAp0cgZVb5Fhmcd7Bct2iRNywejT0orpbqUA==
  dependencies:
    unist-util-is "^2.1.2"

unist-util-visit@^1.0.0, unist-util-visit@^1.1.0:
  version "1.4.0"
  resolved "https://registry.yarnpkg.com/unist-util-visit/-/unist-util-visit-1.4.0.tgz#1cb763647186dc26f5e1df5db6bd1e48b3cc2fb1"
  integrity sha512-FiGu34ziNsZA3ZUteZxSFaczIjGmksfSgdKqBfOejrrfzyUy5b7YrlzT1Bcvi+djkYDituJDy2XB7tGTeBieKw==
  dependencies:
    unist-util-visit-parents "^2.0.0"

xtend@^4.0.1:
  version "4.0.1"
  resolved "https://registry.yarnpkg.com/xtend/-/xtend-4.0.1.tgz#a5c6d532be656e23db820efb943a1f04998d63af"
  integrity sha1-pcbVMr5lbiPbgg77lDofBJmNY68=
